# THIS IS AN AUTOGENERATED FILE. DO NOT EDIT THIS FILE DIRECTLY.
# yarn lockfile v1


clone@^1.0.2:
  version "1.0.4"
  resolved "https://registry.yarnpkg.com/clone/-/clone-1.0.4.tgz#da309cc263df15994c688ca902179ca3c7cd7c7e"
  integrity sha1-2jCcwmPfFZlMaIypAheco8fNfH4=

csv-parse@^4.6.5:
  version "4.6.5"
  resolved "https://registry.yarnpkg.com/csv-parse/-/csv-parse-4.6.5.tgz#e5175166dd883d6d89e29ad8174a63224cb02182"
  integrity sha512-tUohmlM5X1Wtn7aRA4FsJMmnvGo+GUknK/Dp+//ms7pvpXADda5HIi5vFYOvAs/WSn5JUM1bt2AT3TxtDFV3Cw==
  dependencies:
    pad "^3.2.0"

defaults@^1.0.3:
  version "1.0.3"
  resolved "https://registry.yarnpkg.com/defaults/-/defaults-1.0.3.tgz#c656051e9817d9ff08ed881477f3fe4019f3ef7d"
  integrity sha1-xlYFHpgX2f8I7YgUd/P+QBnz730=
  dependencies:
    clone "^1.0.2"

nats@^1.3.2:
  version "1.3.2"
  resolved "https://registry.yarnpkg.com/nats/-/nats-1.3.2.tgz#e80c8fbb31f9e664c6293a7f444d846b9e7659ef"
  integrity sha512-4BVDo3aT+x+ac/RgW1GXBLkjS7iXYrmQymFgQ33/bYn8VuU65M8gd7yxra+7Dr5J3RRN6+Bt0KhoG9ugzmL0rQ==
  dependencies:
    nuid "^1.0.0"
    ts-nkeys "^1.0.8"

nuid@^1.0.0:
  version "1.1.0"
  resolved "https://registry.yarnpkg.com/nuid/-/nuid-1.1.0.tgz#e0c5746350a25562f58283197f34c50861f44675"
  integrity sha512-C/JdZ6PtCqKsCEs4ni76nhBsdmuQgLAT/CTLNprkcLViDAnkk7qx5sSA8PVC2vmSsdBlSsFuGb52v6pwn1oaeg==

pad@^3.2.0:
  version "3.2.0"
  resolved "https://registry.yarnpkg.com/pad/-/pad-3.2.0.tgz#be7a1d1cb6757049b4ad5b70e71977158fea95d1"
  integrity sha512-2u0TrjcGbOjBTJpyewEl4hBO3OeX5wWue7eIFPzQTg6wFSvoaHcBTTUY5m+n0hd04gmTCPuY0kCpVIVuw5etwg==
  dependencies:
    wcwidth "^1.0.1"

ts-nkeys@^1.0.8:
  version "1.0.14"
  resolved "https://registry.yarnpkg.com/ts-nkeys/-/ts-nkeys-1.0.14.tgz#3d4b61b6aa4fa952c649ecfafacdce1a4831ba57"
  integrity sha512-WIPykDjpnOvVn5zDNv1uu6o1+Uj+CXaQOM4Od6k2SRiUF4rmhjk7nAHC0mGrWjj0GxeQnwKQv++65qtm1O6kiA==
  dependencies:
    tweetnacl "^1.0.1"

tweetnacl@^1.0.1:
  version "1.0.1"
  resolved "https://registry.yarnpkg.com/tweetnacl/-/tweetnacl-1.0.1.tgz#2594d42da73cd036bd0d2a54683dd35a6b55ca17"
  integrity sha512-kcoMoKTPYnoeS50tzoqjPY3Uv9axeuuFAZY9M/9zFnhoVvRfxz9K29IMPD7jGmt2c8SW7i3gT9WqDl2+nV7p4A==

wcwidth@^1.0.1:
  version "1.0.1"
  resolved "https://registry.yarnpkg.com/wcwidth/-/wcwidth-1.0.1.tgz#f0b0dcf915bc5ff1528afadb2c0e17b532da2fe8"
  integrity sha1-8LDc+RW8X/FSivrbLA4XtTLaL+g=
  dependencies:
    defaults "^1.0.3"
